
Microsoft Visual Studio Solution File, Format Version 12.00
# Visual Studio Version 16
VisualStudioVersion = 16.0.31105.61
MinimumVisualStudioVersion = 10.0.40219.1
Project("{FAE04EC0-301F-11D3-BF4B-00C04F79EFBC}") = "DemoProject", "DemoProject\DemoProject.csproj", "{ABBD7016-F25B-4357-B411-E9E6D3DE8647}"
EndProject
Global
	GlobalSection(SolutionConfigurationPlatforms) = preSolution
		Debug|Any CPU = Debug|Any CPU
		Release|Any CPU = Release|Any CPU
	EndGlobalSection
	GlobalSection(ProjectConfigurationPlatforms) = postSolution
		{ABBD7016-F25B-4357-B411-E9E6D3DE8647}.Debug|Any CPU.ActiveCfg = Debug|Any CPU
		{ABBD7016-F25B-4357-B411-E9E6D3DE8647}.Debug|Any CPU.Build.0 = Debug|Any CPU
		{ABBD7016-F25B-4357-B411-E9E6D3DE8647}.Release|Any CPU.ActiveCfg = Release|Any CPU
		{ABBD7016-F25B-4357-B411-E9E6D3DE8647}.Release|Any CPU.Build.0 = Release|Any CPU
	EndGlobalSection
	GlobalSection(SolutionProperties) = preSolution
		HideSolutionNode = FALSE
	EndGlobalSection
	GlobalSection(ExtensibilityGlobals) = postSolution
		SolutionGuid = {DA9172B2-42B9-4BC6-A68C-660B8B46D5F6}
	EndGlobalSection
EndGlobal
